main:
  namespace: dev.jonpoulton.actual.app
  minSDK: 24
  targetSDK: 35
  permissions:
  - android.permission.ACCESS_NETWORK_STATE
  - android.permission.INTERNET
  - dev.jonpoulton.actual.app.DYNAMIC_RECEIVER_NOT_EXPORTED_PERMISSION
  libraries:
  - androidx.window.extensions:
      required: false
  - androidx.window.sidecar:
      required: false
  nativeLibraries:
  - libandroidx.graphics.path:
      requiredBy: androidx.graphics:graphics-path
      abis:
      - arm64-v8a
      - armeabi-v7a
      - x86
      - x86_64
  exports:
    activity:
    - actual.android.app.ActualActivity
    - androidx.compose.ui.tooling.PreviewActivity
    receiver:
    - androidx.profileinstaller.ProfileInstallReceiver
variants:
  debug:
    exports:
      activity:
      - androidx.activity.ComponentActivity
fingerprint: c4fd7a64d6bdfd41a1870a0af598a5a6
