main:
  minSDK: 28
  targetSDK: 36
  permissions:
  - android.permission.ACCESS_NETWORK_STATE
  - android.permission.INTERNET
  libraries:
  - androidx.window.extensions:
      required: false
  - androidx.window.sidecar:
      required: false
  nativeLibraries:
  - libandroidx.graphics.path:
      requiredBy: androidx.graphics:graphics-path
      abis:
      - arm64-v8a
      - armeabi-v7a
      - x86
      - x86_64
  - libdatastore_shared_counter:
      requiredBy: androidx.datastore:datastore-core-android
      abis:
      - arm64-v8a
      - armeabi-v7a
      - x86
      - x86_64
  exports:
    activity:
    - aktual.app.android.AktualActivity
    - androidx.compose.ui.tooling.PreviewActivity
    receiver:
    - androidx.profileinstaller.ProfileInstallReceiver
variants:
  debug:
    namespace: dev.jonpoulton.aktual.app.dev
    permissions:
    - dev.jonpoulton.aktual.app.dev.DYNAMIC_RECEIVER_NOT_EXPORTED_PERMISSION
  release:
    namespace: dev.jonpoulton.aktual.app
    permissions:
    - dev.jonpoulton.aktual.app.DYNAMIC_RECEIVER_NOT_EXPORTED_PERMISSION
fingerprint: 19aa1d8d5b2fb95326a912ea8e413503
