main:
  namespace: dev.jonpoulton.aktual.app
  minSDK: 28
  targetSDK: 36
  permissions:
  - android.permission.ACCESS_NETWORK_STATE
  - android.permission.INTERNET
  - android.permission.REORDER_TASKS
  - dev.jonpoulton.aktual.app.DYNAMIC_RECEIVER_NOT_EXPORTED_PERMISSION
  libraries:
  - androidx.window.extensions:
      required: false
  - androidx.window.sidecar:
      required: false
  nativeLibraries:
  - libandroidx.graphics.path:
      requiredBy: androidx.graphics:graphics-path
      abis:
      - arm64-v8a
      - armeabi-v7a
      - x86
      - x86_64
  exports:
    activity:
    - aktual.app.android.AktualActivity
    - androidx.compose.ui.tooling.PreviewActivity
    - androidx.test.core.app.InstrumentationActivityInvoker$BootstrapActivity
    - androidx.test.core.app.InstrumentationActivityInvoker$EmptyActivity
    - androidx.test.core.app.InstrumentationActivityInvoker$EmptyFloatingActivity
    receiver:
    - androidx.profileinstaller.ProfileInstallReceiver
fingerprint: 17b7c95647449166ef6f21f5818f93b3
